// !$*UTF8*$!
{
	archiveVersion = 1;
	classes = {
	};
	objectVersion = 46;
	objects = {

/* Begin PBXBuildFile section */
		BB2F39CF14D3EA8E0065CBF5 /* UIKit.framework in Frameworks */ = {isa = PBXBuildFile; fileRef = BB2F39CE14D3EA8E0065CBF5 /* UIKit.framework */; };
		BB2F39D114D3EA8E0065CBF5 /* Foundation.framework in Frameworks */ = {isa = PBXBuildFile; fileRef = BB2F39D014D3EA8E0065CBF5 /* Foundation.framework */; };
		BB2F39D314D3EA8E0065CBF5 /* CoreGraphics.framework in Frameworks */ = {isa = PBXBuildFile; fileRef = BB2F39D214D3EA8E0065CBF5 /* CoreGraphics.framework */; };
		BB2F39D914D3EA8E0065CBF5 /* InfoPlist.strings in Resources */ = {isa = PBXBuildFile; fileRef = BB2F39D714D3EA8E0065CBF5 /* InfoPlist.strings */; };
		BB2F39DB14D3EA8E0065CBF5 /* main.m in Sources */ = {isa = PBXBuildFile; fileRef = BB2F39DA14D3EA8E0065CBF5 /* main.m */; };
		BB2F39DF14D3EA8E0065CBF5 /* AppDelegate.m in Sources */ = {isa = PBXBuildFile; fileRef = BB2F39DE14D3EA8E0065CBF5 /* AppDelegate.m */; };
		BB2F39E214D3EA8E0065CBF5 /* FirstViewController.m in Sources */ = {isa = PBXBuildFile; fileRef = BB2F39E114D3EA8E0065CBF5 /* FirstViewController.m */; };
		BB2F39E414D3EA8E0065CBF5 /* first.png in Resources */ = {isa = PBXBuildFile; fileRef = BB2F39E314D3EA8E0065CBF5 /* first.png */; };
		BB2F39E614D3EA8E0065CBF5 /* first@2x.png in Resources */ = {isa = PBXBuildFile; fileRef = BB2F39E514D3EA8E0065CBF5 /* first@2x.png */; };
		BB2F39E914D3EA8E0065CBF5 /* SecondViewController.m in Sources */ = {isa = PBXBuildFile; fileRef = BB2F39E814D3EA8E0065CBF5 /* SecondViewController.m */; };
		BB2F39EB14D3EA8E0065CBF5 /* second.png in Resources */ = {isa = PBXBuildFile; fileRef = BB2F39EA14D3EA8E0065CBF5 /* second.png */; };
		BB2F39ED14D3EA8E0065CBF5 /* second@2x.png in Resources */ = {isa = PBXBuildFile; fileRef = BB2F39EC14D3EA8E0065CBF5 /* second@2x.png */; };
		BB2F39F014D3EA8E0065CBF5 /* FirstViewController.xib in Resources */ = {isa = PBXBuildFile; fileRef = BB2F39EE14D3EA8E0065CBF5 /* FirstViewController.xib */; };
		BB2F39F314D3EA8E0065CBF5 /* SecondViewController.xib in Resources */ = {isa = PBXBuildFile; fileRef = BB2F39F114D3EA8E0065CBF5 /* SecondViewController.xib */; };
/* End PBXBuildFile section */

/* Begin PBXFileReference section */
		BB2F39CA14D3EA8E0065CBF5 /* Rapnet.app */ = {isa = PBXFileReference; explicitFileType = wrapper.application; includeInIndex = 0; path = Rapnet.app; sourceTree = BUILT_PRODUCTS_DIR; };
		BB2F39CE14D3EA8E0065CBF5 /* UIKit.framework */ = {isa = PBXFileReference; lastKnownFileType = wrapper.framework; name = UIKit.framework; path = System/Library/Frameworks/UIKit.framework; sourceTree = SDKROOT; };
		BB2F39D014D3EA8E0065CBF5 /* Foundation.framework */ = {isa = PBXFileReference; lastKnownFileType = wrapper.framework; name = Foundation.framework; path = System/Library/Frameworks/Foundation.framework; sourceTree = SDKROOT; };
		BB2F39D214D3EA8E0065CBF5 /* CoreGraphics.framework */ = {isa = PBXFileReference; lastKnownFileType = wrapper.framework; name = CoreGraphics.framework; path = System/Library/Frameworks/CoreGraphics.framework; sourceTree = SDKROOT; };
		BB2F39D614D3EA8E0065CBF5 /* Rapnet-Info.plist */ = {isa = PBXFileReference; path = "Rapnet-Info.plist"; sourceTree = "<group>"; };
		BB2F39D814D3EA8E0065CBF5 /* en */ = {isa = PBXFileReference; lastKnownFileType = text.plist.strings; name = en; path = en.lproj/InfoPlist.strings; sourceTree = "<group>"; };
		BB2F39DA14D3EA8E0065CBF5 /* main.m */ = {isa = PBXFileReference; lastKnownFileType = sourcecode.c.objc; path = main.m; sourceTree = "<group>"; };
		BB2F39DC14D3EA8E0065CBF5 /* Rapnet-Prefix.pch */ = {isa = PBXFileReference; path = "Rapnet-Prefix.pch"; sourceTree = "<group>"; };
		BB2F39DD14D3EA8E0065CBF5 /* AppDelegate.h */ = {isa = PBXFileReference; path = AppDelegate.h; sourceTree = "<group>"; };
		BB2F39DE14D3EA8E0065CBF5 /* AppDelegate.m */ = {isa = PBXFileReference; lastKnownFileType = sourcecode.c.objc; path = AppDelegate.m; sourceTree = "<group>"; };
		BB2F39E014D3EA8E0065CBF5 /* FirstViewController.h */ = {isa = PBXFileReference; path = FirstViewController.h; sourceTree = "<group>"; };
		BB2F39E114D3EA8E0065CBF5 /* FirstViewController.m */ = {isa = PBXFileReference; lastKnownFileType = sourcecode.c.objc; path = FirstViewController.m; sourceTree = "<group>"; };
		BB2F39E314D3EA8E0065CBF5 /* first.png */ = {isa = PBXFileReference; lastKnownFileType = image.png; path = first.png; sourceTree = "<group>"; };
		BB2F39E514D3EA8E0065CBF5 /* first@2x.png */ = {isa = PBXFileReference; lastKnownFileType = image.png; path = "first@2x.png"; sourceTree = "<group>"; };
		BB2F39E714D3EA8E0065CBF5 /* SecondViewController.h */ = {isa = PBXFileReference; path = SecondViewController.h; sourceTree = "<group>"; };
		BB2F39E814D3EA8E0065CBF5 /* SecondViewController.m */ = {isa = PBXFileReference; lastKnownFileType = sourcecode.c.objc; path = SecondViewController.m; sourceTree = "<group>"; };
		BB2F39EA14D3EA8E0065CBF5 /* second.png */ = {isa = PBXFileReference; lastKnownFileType = image.png; path = second.png; sourceTree = "<group>"; };
		BB2F39EC14D3EA8E0065CBF5 /* second@2x.png */ = {isa = PBXFileReference; lastKnownFileType = image.png; path = "second@2x.png"; sourceTree = "<group>"; };
		BB2F39EF14D3EA8E0065CBF5 /* en */ = {isa = PBXFileReference; lastKnownFileType = file.xib; name = en; path = en.lproj/FirstViewController.xib; sourceTree = "<group>"; };
		BB2F39F214D3EA8E0065CBF5 /* en */ = {isa = PBXFileReference; lastKnownFileType = file.xib; name = en; path = en.lproj/SecondViewController.xib; sourceTree = "<group>"; };
/* End PBXFileReference section */

/* Begin PBXFrameworksBuildPhase section */
		BB2F39C714D3EA8E0065CBF5 /* Frameworks */ = {
			isa = PBXFrameworksBuildPhase;
			buildActionMask = 2147483647;
			files = (
				BB2F39CF14D3EA8E0065CBF5 /* UIKit.framework in Frameworks */,
				BB2F39D114D3EA8E0065CBF5 /* Foundation.framework in Frameworks */,
				BB2F39D314D3EA8E0065CBF5 /* CoreGraphics.framework in Frameworks */,
			);
			runOnlyForDeploymentPostprocessing = 0;
		};
/* End PBXFrameworksBuildPhase section */

/* Begin PBXGroup section */
		BB2F39BF14D3EA8E0065CBF5 = {
			isa = PBXGroup;
			children = (
				BB2F39D414D3EA8E0065CBF5 /* Rapnet */,
				BB2F39CD14D3EA8E0065CBF5 /* Frameworks */,
				BB2F39CB14D3EA8E0065CBF5 /* Products */,
			);
			sourceTree = "<group>";
		};
		BB2F39CB14D3EA8E0065CBF5 /* Products */ = {
			isa = PBXGroup;
			children = (
				BB2F39CA14D3EA8E0065CBF5 /* Rapnet.app */,
			);
			name = Products;
			sourceTree = "<group>";
		};
		BB2F39CD14D3EA8E0065CBF5 /* Frameworks */ = {
			isa = PBXGroup;
			children = (
				BB2F39CE14D3EA8E0065CBF5 /* UIKit.framework */,
				BB2F39D014D3EA8E0065CBF5 /* Foundation.framework */,
				BB2F39D214D3EA8E0065CBF5 /* CoreGraphics.framework */,
			);
			name = Frameworks;
			sourceTree = "<group>";
		};
		BB2F39D414D3EA8E0065CBF5 /* Rapnet */ = {
			isa = PBXGroup;
			children = (
				BB2F39DD14D3EA8E0065CBF5 /* AppDelegate.h */,
				BB2F39DE14D3EA8E0065CBF5 /* AppDelegate.m */,
				BB2F39E014D3EA8E0065CBF5 /* FirstViewController.h */,
				BB2F39E114D3EA8E0065CBF5 /* FirstViewController.m */,
				BB2F39E314D3EA8E0065CBF5 /* first.png */,
				BB2F39E514D3EA8E0065CBF5 /* first@2x.png */,
				BB2F39E714D3EA8E0065CBF5 /* SecondViewController.h */,
				BB2F39E814D3EA8E0065CBF5 /* SecondViewController.m */,
				BB2F39EA14D3EA8E0065CBF5 /* second.png */,
				BB2F39EC14D3EA8E0065CBF5 /* second@2x.png */,
				BB2F39EE14D3EA8E0065CBF5 /* FirstViewController.xib */,
				BB2F39F114D3EA8E0065CBF5 /* SecondViewController.xib */,
				BB2F39D514D3EA8E0065CBF5 /* Supporting Files */,
			);
			path = Rapnet;
			sourceTree = "<group>";
		};
		BB2F39D514D3EA8E0065CBF5 /* Supporting Files */ = {
			isa = PBXGroup;
			children = (
				BB2F39D614D3EA8E0065CBF5 /* Rapnet-Info.plist */,
				BB2F39D714D3EA8E0065CBF5 /* InfoPlist.strings */,
				BB2F39DA14D3EA8E0065CBF5 /* main.m */,
				BB2F39DC14D3EA8E0065CBF5 /* Rapnet-Prefix.pch */,
			);
			name = "Supporting Files";
			sourceTree = "<group>";
		};
/* End PBXGroup section */

/* Begin PBXNativeTarget section */
		BB2F39C914D3EA8E0065CBF5 /* Rapnet */ = {
			isa = PBXNativeTarget;
			buildConfigurationList = BB2F39F614D3EA8E0065CBF5 /* Build configuration list for PBXNativeTarget "Rapnet" */;
			buildPhases = (
				BB2F39C614D3EA8E0065CBF5 /* Sources */,
				BB2F39C714D3EA8E0065CBF5 /* Frameworks */,
				BB2F39C814D3EA8E0065CBF5 /* Resources */,
			);
			buildRules = (
			);
			dependencies = (
			);
			name = Rapnet;
			productName = Rapnet;
			productReference = BB2F39CA14D3EA8E0065CBF5 /* Rapnet.app */;
			productType = "com.apple.product-type.application";
		};
/* End PBXNativeTarget section */

/* Begin PBXProject section */
		BB2F39C114D3EA8E0065CBF5 /* Project object */ = {
			isa = PBXProject;
			attributes = {
				LastUpgradeCheck = 0420;
				ORGANIZATIONNAME = "coolban@gmail.com";
			};
			buildConfigurationList = BB2F39C414D3EA8E0065CBF5 /* Build configuration list for PBXProject "Rapnet" */;
			compatibilityVersion = "Xcode 3.2";
			developmentRegion = English;
			hasScannedForEncodings = 0;
			knownRegions = (
				en,
			);
			mainGroup = BB2F39BF14D3EA8E0065CBF5;
			productRefGroup = BB2F39CB14D3EA8E0065CBF5 /* Products */;
			projectDirPath = "";
			projectRoot = "";
			targets = (
				BB2F39C914D3EA8E0065CBF5 /* Rapnet */,
			);
		};
/* End PBXProject section */

/* Begin PBXResourcesBuildPhase section */
		BB2F39C814D3EA8E0065CBF5 /* Resources */ = {
			isa = PBXResourcesBuildPhase;
			buildActionMask = 2147483647;
			files = (
				BB2F39D914D3EA8E0065CBF5 /* InfoPlist.strings in Resources */,
				BB2F39E414D3EA8E0065CBF5 /* first.png in Resources */,
				BB2F39E614D3EA8E0065CBF5 /* first@2x.png in Resources */,
				BB2F39EB14D3EA8E0065CBF5 /* second.png in Resources */,
				BB2F39ED14D3EA8E0065CBF5 /* second@2x.png in Resources */,
				BB2F39F014D3EA8E0065CBF5 /* FirstViewController.xib in Resources */,
				BB2F39F314D3EA8E0065CBF5 /* SecondViewController.xib in Resources */,
			);
			runOnlyForDeploymentPostprocessing = 0;
		};
/* End PBXResourcesBuildPhase section */

/* Begin PBXSourcesBuildPhase section */
		BB2F39C614D3EA8E0065CBF5 /* Sources */ = {
			isa = PBXSourcesBuildPhase;
			buildActionMask = 2147483647;
			files = (
				BB2F39DB14D3EA8E0065CBF5 /* main.m in Sources */,
				BB2F39DF14D3EA8E0065CBF5 /* AppDelegate.m in Sources */,
				BB2F39E214D3EA8E0065CBF5 /* FirstViewController.m in Sources */,
				BB2F39E914D3EA8E0065CBF5 /* SecondViewController.m in Sources */,
			);
			runOnlyForDeploymentPostprocessing = 0;
		};
/* End PBXSourcesBuildPhase section */

/* Begin PBXVariantGroup section */
		BB2F39D714D3EA8E0065CBF5 /* InfoPlist.strings */ = {
			isa = PBXVariantGroup;
			children = (
				BB2F39D814D3EA8E0065CBF5 /* en */,
			);
			name = InfoPlist.strings;
			sourceTree = "<group>";
		};
		BB2F39EE14D3EA8E0065CBF5 /* FirstViewController.xib */ = {
			isa = PBXVariantGroup;
			children = (
				BB2F39EF14D3EA8E0065CBF5 /* en */,
			);
			name = FirstViewController.xib;
			sourceTree = "<group>";
		};
		BB2F39F114D3EA8E0065CBF5 /* SecondViewController.xib */ = {
			isa = PBXVariantGroup;
			children = (
				BB2F39F214D3EA8E0065CBF5 /* en */,
			);
			name = SecondViewController.xib;
			sourceTree = "<group>";
		};
/* End PBXVariantGroup section */

/* Begin XCBuildConfiguration section */
		BB2F39F414D3EA8E0065CBF5 /* Debug */ = {
			isa = XCBuildConfiguration;
			buildSettings = {
				ALWAYS_SEARCH_USER_PATHS = NO;
				ARCHS = "$(ARCHS_STANDARD_32_BIT)";
				"CODE_SIGN_IDENTITY[sdk=iphoneos*]" = "iPhone Developer";
				COPY_PHASE_STRIP = NO;
				GCC_C_LANGUAGE_STANDARD = gnu99;
				GCC_DYNAMIC_NO_PIC = NO;
				GCC_OPTIMIZATION_LEVEL = 0;
				GCC_PREPROCESSOR_DEFINITIONS = (
					"DEBUG=1",
					"$(inherited)",
				);
				GCC_SYMBOLS_PRIVATE_EXTERN = NO;
				GCC_VERSION = com.apple.compilers.llvm.clang.1_0;
				GCC_WARN_ABOUT_MISSING_PROTOTYPES = YES;
				GCC_WARN_ABOUT_RETURN_TYPE = YES;
				GCC_WARN_UNUSED_VARIABLE = YES;
				IPHONEOS_DEPLOYMENT_TARGET = 5.0;
				SDKROOT = iphoneos;
			};
			name = Debug;
		};
		BB2F39F514D3EA8E0065CBF5 /* Release */ = {
			isa = XCBuildConfiguration;
			buildSettings = {
				ALWAYS_SEARCH_USER_PATHS = NO;
				ARCHS = "$(ARCHS_STANDARD_32_BIT)";
				"CODE_SIGN_IDENTITY[sdk=iphoneos*]" = "iPhone Developer";
				COPY_PHASE_STRIP = YES;
				GCC_C_LANGUAGE_STANDARD = gnu99;
				GCC_VERSION = com.apple.compilers.llvm.clang.1_0;
				GCC_WARN_ABOUT_MISSING_PROTOTYPES = YES;
				GCC_WARN_ABOUT_RETURN_TYPE = YES;
				GCC_WARN_UNUSED_VARIABLE = YES;
				IPHONEOS_DEPLOYMENT_TARGET = 5.0;
				OTHER_CFLAGS = "-DNS_BLOCK_ASSERTIONS=1";
				SDKROOT = iphoneos;
				VALIDATE_PRODUCT = YES;
			};
			name = Release;
		};
		BB2F39F714D3EA8E0065CBF5 /* Debug */ = {
			isa = XCBuildConfiguration;
			buildSettings = {
				GCC_PRECOMPILE_PREFIX_HEADER = YES;
				GCC_PREFIX_HEADER = "Rapnet/Rapnet-Prefix.pch";
				INFOPLIST_FILE = "Rapnet/Rapnet-Info.plist";
				PRODUCT_NAME = "$(TARGET_NAME)";
				WRAPPER_EXTENSION = app;
			};
			name = Debug;
		};
		BB2F39F814D3EA8E0065CBF5 /* Release */ = {
			isa = XCBuildConfiguration;
			buildSettings = {
				GCC_PRECOMPILE_PREFIX_HEADER = YES;
				GCC_PREFIX_HEADER = "Rapnet/Rapnet-Prefix.pch";
				INFOPLIST_FILE = "Rapnet/Rapnet-Info.plist";
				PRODUCT_NAME = "$(TARGET_NAME)";
				WRAPPER_EXTENSION = app;
			};
			name = Release;
		};
/* End XCBuildConfiguration section */

/* Begin XCConfigurationList section */
		BB2F39C414D3EA8E0065CBF5 /* Build configuration list for PBXProject "Rapnet" */ = {
			isa = XCConfigurationList;
			buildConfigurations = (
				BB2F39F414D3EA8E0065CBF5 /* Debug */,
				BB2F39F514D3EA8E0065CBF5 /* Release */,
			);
			defaultConfigurationIsVisible = 0;
			defaultConfigurationName = Release;
		};
		BB2F39F614D3EA8E0065CBF5 /* Build configuration list for PBXNativeTarget "Rapnet" */ = {
			isa = XCConfigurationList;
			buildConfigurations = (
				BB2F39F714D3EA8E0065CBF5 /* Debug */,
				BB2F39F814D3EA8E0065CBF5 /* Release */,
			);
			defaultConfigurationIsVisible = 0;
		};
/* End XCConfigurationList section */
	};
	rootObject = BB2F39C114D3EA8E0065CBF5 /* Project object */;
}
